
Microsoft Visual Studio Solution File, Format Version 12.00
# Visual Studio 2013
VisualStudioVersion = 12.0.31101.0
MinimumVisualStudioVersion = 10.0.40219.1
Project("{FAE04EC0-301F-11D3-BF4B-00C04F79EFBC}") = "zmq_demo_dwx", "zmq_demo_dwx\zmq_demo_dwx.csproj", "{5FE55A78-482E-4A72-81F1-992B741D86A9}"
EndProject
Project("{FAE04EC0-301F-11D3-BF4B-00C04F79EFBC}") = "WorkerProzess", "WorkerProzess\WorkerProzess.csproj", "{2C646B0E-2A4E-4C8B-A820-7D9B0C292E33}"
EndProject
Global
	GlobalSection(SolutionConfigurationPlatforms) = preSolution
		Debug|Any CPU = Debug|Any CPU
		Release|Any CPU = Release|Any CPU
	EndGlobalSection
	GlobalSection(ProjectConfigurationPlatforms) = postSolution
		{5FE55A78-482E-4A72-81F1-992B741D86A9}.Debug|Any CPU.ActiveCfg = Debug|Any CPU
		{5FE55A78-482E-4A72-81F1-992B741D86A9}.Debug|Any CPU.Build.0 = Debug|Any CPU
		{5FE55A78-482E-4A72-81F1-992B741D86A9}.Release|Any CPU.ActiveCfg = Release|Any CPU
		{5FE55A78-482E-4A72-81F1-992B741D86A9}.Release|Any CPU.Build.0 = Release|Any CPU
		{2C646B0E-2A4E-4C8B-A820-7D9B0C292E33}.Debug|Any CPU.ActiveCfg = Debug|Any CPU
		{2C646B0E-2A4E-4C8B-A820-7D9B0C292E33}.Debug|Any CPU.Build.0 = Debug|Any CPU
		{2C646B0E-2A4E-4C8B-A820-7D9B0C292E33}.Release|Any CPU.ActiveCfg = Release|Any CPU
		{2C646B0E-2A4E-4C8B-A820-7D9B0C292E33}.Release|Any CPU.Build.0 = Release|Any CPU
	EndGlobalSection
	GlobalSection(SolutionProperties) = preSolution
		HideSolutionNode = FALSE
	EndGlobalSection
EndGlobal
